
Microsoft Visual Studio Solution File, Format Version 12.00
# Visual Studio 15
Project("{FAE04EC0-301F-11D3-BF4B-00C04F79EFBC}") = "CarDealerShip", "CarDealerShip\CarDealerShip.csproj", "{03F22CCC-3A7F-4BA2-B691-34B5C248DCFC}"
EndProject
Global
	GlobalSection(SolutionConfigurationPlatforms) = preSolution
		Debug|anycpu = Debug|anycpu
		Release|anycpu = Release|anycpu
	EndGlobalSection
	GlobalSection(ProjectConfigurationPlatforms) = postSolution
		{03F22CCC-3A7F-4BA2-B691-34B5C248DCFC}.Debug|anycpu.ActiveCfg = Debug|anycpu
		{03F22CCC-3A7F-4BA2-B691-34B5C248DCFC}.Debug|anycpu.Build.0 = Debug|anycpu
		{03F22CCC-3A7F-4BA2-B691-34B5C248DCFC}.Release|anycpu.ActiveCfg = Release|anycpu
		{03F22CCC-3A7F-4BA2-B691-34B5C248DCFC}.Release|anycpu.Build.0 = Release|anycpu
	EndGlobalSection
EndGlobal
